
Microsoft Visual Studio Solution File, Format Version 12.00
Project("{FAE04EC0-301F-11D3-BF4B-00C04F79EFBC}") = "WaterAbstractionLicenseExtractor.Cmd", "WaterAbstractionLicenseExtractor.Cmd\WaterAbstractionLicenseExtractor.Cmd.csproj", "{68EE4F77-B3CA-4BDD-BAAA-80E016FF269E}"
EndProject
Project("{FAE04EC0-301F-11D3-BF4B-00C04F79EFBC}") = "WALE.ProcessFile.Services.Tests", "WALE.ProcessFile.Services.Tests\WALE.ProcessFile.Services.Tests.csproj", "{C755F5CE-0BAD-4162-B522-48B122B6CF3F}"
EndProject
Project("{2150E333-8FDC-42A3-9474-1A3956D46DE8}") = "Solution Items", "Solution Items", "{E7FA29C6-FC0A-4459-ACFA-C9D846A7F582}"
	ProjectSection(SolutionItems) = preProject
		.gitignore = .gitignore
		licence-number-filename-map.csv = licence-number-filename-map.csv
		licence-number-filename-map.csv.example.csv = licence-number-filename-map.csv.example.csv
	EndProjectSection
EndProject
Project("{FAE04EC0-301F-11D3-BF4B-00C04F79EFBC}") = "WALE.ProcessFile.Services", "WALE.ProcessFile.Services\WALE.ProcessFile.Services.csproj", "{C6BE94F4-31F5-45D9-AE1C-E39288E11FC7}"
EndProject
Project("{FAE04EC0-301F-11D3-BF4B-00C04F79EFBC}") = "WALE.ProcessFile.AzureFunction.BlobTrigger", "WALE.ProcessFile.AzureFunction.BlobTrigger\WALE.ProcessFile.AzureFunction.BlobTrigger.csproj", "{6C9A32AF-7B00-4612-AF7E-54C9F72269C9}"
EndProject
Project("{FAE04EC0-301F-11D3-BF4B-00C04F79EFBC}") = "WALE.ProcessFile.AzureFunction.ServiceBusTrigger", "WALE.ProcessFile.AzureFunction.ServiceBusTrigger\WALE.ProcessFile.AzureFunction.ServiceBusTrigger.csproj", "{5F8A3D72-E41B-4C99-BB8C-52039865A2CA}"
EndProject
Global
	GlobalSection(SolutionConfigurationPlatforms) = preSolution
		Debug|Any CPU = Debug|Any CPU
		Release|Any CPU = Release|Any CPU
	EndGlobalSection
	GlobalSection(ProjectConfigurationPlatforms) = postSolution
		{68EE4F77-B3CA-4BDD-BAAA-80E016FF269E}.Debug|Any CPU.ActiveCfg = Debug|Any CPU
		{68EE4F77-B3CA-4BDD-BAAA-80E016FF269E}.Debug|Any CPU.Build.0 = Debug|Any CPU
		{68EE4F77-B3CA-4BDD-BAAA-80E016FF269E}.Release|Any CPU.ActiveCfg = Release|Any CPU
		{68EE4F77-B3CA-4BDD-BAAA-80E016FF269E}.Release|Any CPU.Build.0 = Release|Any CPU
		{C755F5CE-0BAD-4162-B522-48B122B6CF3F}.Debug|Any CPU.ActiveCfg = Debug|Any CPU
		{C755F5CE-0BAD-4162-B522-48B122B6CF3F}.Debug|Any CPU.Build.0 = Debug|Any CPU
		{C755F5CE-0BAD-4162-B522-48B122B6CF3F}.Release|Any CPU.ActiveCfg = Release|Any CPU
		{C755F5CE-0BAD-4162-B522-48B122B6CF3F}.Release|Any CPU.Build.0 = Release|Any CPU
		{C6BE94F4-31F5-45D9-AE1C-E39288E11FC7}.Debug|Any CPU.ActiveCfg = Debug|Any CPU
		{C6BE94F4-31F5-45D9-AE1C-E39288E11FC7}.Debug|Any CPU.Build.0 = Debug|Any CPU
		{C6BE94F4-31F5-45D9-AE1C-E39288E11FC7}.Release|Any CPU.ActiveCfg = Release|Any CPU
		{C6BE94F4-31F5-45D9-AE1C-E39288E11FC7}.Release|Any CPU.Build.0 = Release|Any CPU
		{6C9A32AF-7B00-4612-AF7E-54C9F72269C9}.Debug|Any CPU.ActiveCfg = Debug|Any CPU
		{6C9A32AF-7B00-4612-AF7E-54C9F72269C9}.Debug|Any CPU.Build.0 = Debug|Any CPU
		{6C9A32AF-7B00-4612-AF7E-54C9F72269C9}.Release|Any CPU.ActiveCfg = Release|Any CPU
		{6C9A32AF-7B00-4612-AF7E-54C9F72269C9}.Release|Any CPU.Build.0 = Release|Any CPU
		{5F8A3D72-E41B-4C99-BB8C-52039865A2CA}.Debug|Any CPU.ActiveCfg = Debug|Any CPU
		{5F8A3D72-E41B-4C99-BB8C-52039865A2CA}.Debug|Any CPU.Build.0 = Debug|Any CPU
		{5F8A3D72-E41B-4C99-BB8C-52039865A2CA}.Release|Any CPU.ActiveCfg = Release|Any CPU
		{5F8A3D72-E41B-4C99-BB8C-52039865A2CA}.Release|Any CPU.Build.0 = Release|Any CPU
	EndGlobalSection
	GlobalSection(NestedProjects) = preSolution
		{A438B272-8652-4721-8951-906B4142FD5B} = {6CBE5D57-AB6E-49DE-B8F7-2C47866C3063}
	EndGlobalSection
EndGlobal
