
Microsoft Visual Studio Solution File, Format Version 12.00
Project("{FAE04EC0-301F-11D3-BF4B-00C04F79EFBC}") = "WaterAbstractionLicenseExtractor.Cmd", "WaterAbstractionLicenseExtractor.Cmd\WaterAbstractionLicenseExtractor.Cmd.csproj", "{68EE4F77-B3CA-4BDD-BAAA-80E016FF269E}"
EndProject
Project("{FAE04EC0-301F-11D3-BF4B-00C04F79EFBC}") = "WALE.ProcessFile.Services.Tests", "WALE.ProcessFile.Services.Tests\WALE.ProcessFile.Services.Tests.csproj", "{C755F5CE-0BAD-4162-B522-48B122B6CF3F}"
EndProject
Project("{2150E333-8FDC-42A3-9474-1A3956D46DE8}") = "Solution Items", "Solution Items", "{E7FA29C6-FC0A-4459-ACFA-C9D846A7F582}"
	ProjectSection(SolutionItems) = preProject
		.gitignore = .gitignore
		licence-number-filename-map.csv = licence-number-filename-map.csv
		licence-number-filename-map.csv.example.csv = licence-number-filename-map.csv.example.csv
		README.md = README.md
		.dockerignore = .dockerignore
	EndProjectSection
EndProject
Project("{FAE04EC0-301F-11D3-BF4B-00C04F79EFBC}") = "WALE.ProcessFile.Services", "WALE.ProcessFile.Services\WALE.ProcessFile.Services.csproj", "{C6BE94F4-31F5-45D9-AE1C-E39288E11FC7}"
EndProject
Project("{FAE04EC0-301F-11D3-BF4B-00C04F79EFBC}") = "WALE.ProcessFile.AzureFunction.BlobTrigger", "WALE.ProcessFile.AzureFunction.BlobTrigger\WALE.ProcessFile.AzureFunction.BlobTrigger.csproj", "{6C9A32AF-7B00-4612-AF7E-54C9F72269C9}"
EndProject
Project("{FAE04EC0-301F-11D3-BF4B-00C04F79EFBC}") = "WALE.ProcessFile.AzureFunction.ServiceBusTrigger", "WALE.ProcessFile.AzureFunction.ServiceBusTrigger\WALE.ProcessFile.AzureFunction.ServiceBusTrigger.csproj", "{5F8A3D72-E41B-4C99-BB8C-52039865A2CA}"
EndProject
Project("{2150E333-8FDC-42A3-9474-1A3956D46DE8}") = "Tools", "Tools", "{083AE369-520B-4A83-A5F3-6A94E22FAAA3}"
EndProject
Project("{FAE04EC0-301F-11D3-BF4B-00C04F79EFBC}") = "WALE.Tools", "Tools\WALE.Tools\WALE.Tools.csproj", "{841517C2-5B2C-4D79-8308-4FCC6FF8CB36}"
EndProject
Project("{FAE04EC0-301F-11D3-BF4B-00C04F79EFBC}") = "WALE.ProcessFile.Core", "WALE.ProcessFile.Core\WALE.ProcessFile.Core.csproj", "{7DC0ACE6-AA96-4BB0-B5C0-BA15457B52AB}"
EndProject
Project("{FAE04EC0-301F-11D3-BF4B-00C04F79EFBC}") = "WALE.ProcessFile.Services.AwsTextract", "WALE.ProcessFile.Services.AwsTextract\WALE.ProcessFile.Services.AwsTextract.csproj", "{694B6A77-DB35-4393-902D-A3BDEBDC5541}"
EndProject
Project("{FAE04EC0-301F-11D3-BF4B-00C04F79EFBC}") = "WALE.ProcessFile.Database.PostgreSQL", "WALE.ProcessFile.Database.PostgreSQL\WALE.ProcessFile.Database.PostgreSQL.csproj", "{9DADA8B2-6995-4BCF-AF69-912E81FEAA99}"
EndProject
Project("{FAE04EC0-301F-11D3-BF4B-00C04F79EFBC}") = "WALE.Tools.Database.PostgreSQL.MigrationRunner", "Tools\WALE.Tools.Database.PostgreSQL.MigrationRunner\WALE.Tools.Database.PostgreSQL.MigrationRunner.csproj", "{67B5129F-0E4D-4429-96DD-9B2FF4AECD14}"
EndProject
Project("{FAE04EC0-301F-11D3-BF4B-00C04F79EFBC}") = "WALE.Api", "WALE.Api\WALE.Api.csproj", "{735C29A5-8D49-45C7-9542-A5845FD71747}"
EndProject
Project("{FAE04EC0-301F-11D3-BF4B-00C04F79EFBC}") = "WALE.ProcessFile.RuleEngine", "WALE.ProcessFile.RuleEngine\WALE.ProcessFile.RuleEngine.csproj", "{E4D950C1-7525-4C82-AAD9-3CEA95C02C9A}"
EndProject
Project("{FAE04EC0-301F-11D3-BF4B-00C04F79EFBC}") = "WALE.ProcessFile.Services.TesseractExe", "WALE.ProcessFile.Services.TesseractExe\WALE.ProcessFile.Services.TesseractExe.csproj", "{EDD89C52-726F-4A15-9963-765807DA1101}"
EndProject
Project("{2150E333-8FDC-42A3-9474-1A3956D46DE8}") = ".github", ".github", "{FBF2F0B0-857B-4B50-97FE-99A582022CAD}"
EndProject
Project("{2150E333-8FDC-42A3-9474-1A3956D46DE8}") = "workflows", "workflows", "{C631FC59-822E-47BE-95FA-B873AF121613}"
	ProjectSection(SolutionItems) = preProject
		.github\workflows\api-create-rollout-image-version.yaml = .github\workflows\api-create-rollout-image-version.yaml
		.github\workflows\portal-create-rollout-image-version.yaml = .github\workflows\portal-create-rollout-image-version.yaml
		.github\workflows\api-build-and-sonar-analyze-template.yaml = .github\workflows\api-build-and-sonar-analyze-template.yaml
		.github\workflows\api-push-image-template.yaml = .github\workflows\api-push-image-template.yaml
		.github\workflows\portal-push-image-template.yaml = .github\workflows\portal-push-image-template.yaml
		.github\workflows\migrationrunner-push-image-template.yaml = .github\workflows\migrationrunner-push-image-template.yaml
		.github\workflows\migrationrunner-create-rollout-image-version.yaml = .github\workflows\migrationrunner-create-rollout-image-version.yaml
		.github\workflows\migrationrunner-build-template.yaml = .github\workflows\migrationrunner-build-template.yaml
	EndProjectSection
EndProject
Project("{FAE04EC0-301F-11D3-BF4B-00C04F79EFBC}") = "WALE.ProcessFile.Services.Tesseract", "WALE.ProcessFile.Services.Tesseract\WALE.ProcessFile.Services.Tesseract.csproj", "{4ED58D39-E80E-4C62-8EDF-FAAD4F975BDB}"
EndProject
Project("{FAE04EC0-301F-11D3-BF4B-00C04F79EFBC}") = "WALE.ProcessFile.Services.Output", "WALE.ProcessFile.Services.Output\WALE.ProcessFile.Services.Output.csproj", "{AE89912A-3499-4777-AF64-A4C9D4A00511}"
EndProject
Project("{FAE04EC0-301F-11D3-BF4B-00C04F79EFBC}") = "WALE.ProcessFile.Services.Cache", "WALE.ProcessFile.Services.Cache\WALE.ProcessFile.Services.Cache.csproj", "{C57510AA-CA14-45CD-BC68-E8DAFA82B943}"
EndProject
Global
	GlobalSection(SolutionConfigurationPlatforms) = preSolution
		Debug|Any CPU = Debug|Any CPU
		Release|Any CPU = Release|Any CPU
	EndGlobalSection
	GlobalSection(ProjectConfigurationPlatforms) = postSolution
		{68EE4F77-B3CA-4BDD-BAAA-80E016FF269E}.Debug|Any CPU.ActiveCfg = Debug|Any CPU
		{68EE4F77-B3CA-4BDD-BAAA-80E016FF269E}.Debug|Any CPU.Build.0 = Debug|Any CPU
		{68EE4F77-B3CA-4BDD-BAAA-80E016FF269E}.Release|Any CPU.ActiveCfg = Release|Any CPU
		{68EE4F77-B3CA-4BDD-BAAA-80E016FF269E}.Release|Any CPU.Build.0 = Release|Any CPU
		{C755F5CE-0BAD-4162-B522-48B122B6CF3F}.Debug|Any CPU.ActiveCfg = Debug|Any CPU
		{C755F5CE-0BAD-4162-B522-48B122B6CF3F}.Debug|Any CPU.Build.0 = Debug|Any CPU
		{C755F5CE-0BAD-4162-B522-48B122B6CF3F}.Release|Any CPU.ActiveCfg = Release|Any CPU
		{C755F5CE-0BAD-4162-B522-48B122B6CF3F}.Release|Any CPU.Build.0 = Release|Any CPU
		{C6BE94F4-31F5-45D9-AE1C-E39288E11FC7}.Debug|Any CPU.ActiveCfg = Debug|Any CPU
		{C6BE94F4-31F5-45D9-AE1C-E39288E11FC7}.Debug|Any CPU.Build.0 = Debug|Any CPU
		{C6BE94F4-31F5-45D9-AE1C-E39288E11FC7}.Release|Any CPU.ActiveCfg = Release|Any CPU
		{C6BE94F4-31F5-45D9-AE1C-E39288E11FC7}.Release|Any CPU.Build.0 = Release|Any CPU
		{6C9A32AF-7B00-4612-AF7E-54C9F72269C9}.Debug|Any CPU.ActiveCfg = Debug|Any CPU
		{6C9A32AF-7B00-4612-AF7E-54C9F72269C9}.Debug|Any CPU.Build.0 = Debug|Any CPU
		{6C9A32AF-7B00-4612-AF7E-54C9F72269C9}.Release|Any CPU.ActiveCfg = Release|Any CPU
		{6C9A32AF-7B00-4612-AF7E-54C9F72269C9}.Release|Any CPU.Build.0 = Release|Any CPU
		{5F8A3D72-E41B-4C99-BB8C-52039865A2CA}.Debug|Any CPU.ActiveCfg = Debug|Any CPU
		{5F8A3D72-E41B-4C99-BB8C-52039865A2CA}.Debug|Any CPU.Build.0 = Debug|Any CPU
		{5F8A3D72-E41B-4C99-BB8C-52039865A2CA}.Release|Any CPU.ActiveCfg = Release|Any CPU
		{5F8A3D72-E41B-4C99-BB8C-52039865A2CA}.Release|Any CPU.Build.0 = Release|Any CPU
		{841517C2-5B2C-4D79-8308-4FCC6FF8CB36}.Debug|Any CPU.ActiveCfg = Debug|Any CPU
		{841517C2-5B2C-4D79-8308-4FCC6FF8CB36}.Debug|Any CPU.Build.0 = Debug|Any CPU
		{841517C2-5B2C-4D79-8308-4FCC6FF8CB36}.Release|Any CPU.ActiveCfg = Release|Any CPU
		{841517C2-5B2C-4D79-8308-4FCC6FF8CB36}.Release|Any CPU.Build.0 = Release|Any CPU
		{7DC0ACE6-AA96-4BB0-B5C0-BA15457B52AB}.Debug|Any CPU.ActiveCfg = Debug|Any CPU
		{7DC0ACE6-AA96-4BB0-B5C0-BA15457B52AB}.Debug|Any CPU.Build.0 = Debug|Any CPU
		{7DC0ACE6-AA96-4BB0-B5C0-BA15457B52AB}.Release|Any CPU.ActiveCfg = Release|Any CPU
		{7DC0ACE6-AA96-4BB0-B5C0-BA15457B52AB}.Release|Any CPU.Build.0 = Release|Any CPU
		{694B6A77-DB35-4393-902D-A3BDEBDC5541}.Debug|Any CPU.ActiveCfg = Debug|Any CPU
		{694B6A77-DB35-4393-902D-A3BDEBDC5541}.Debug|Any CPU.Build.0 = Debug|Any CPU
		{694B6A77-DB35-4393-902D-A3BDEBDC5541}.Release|Any CPU.ActiveCfg = Release|Any CPU
		{694B6A77-DB35-4393-902D-A3BDEBDC5541}.Release|Any CPU.Build.0 = Release|Any CPU
		{9DADA8B2-6995-4BCF-AF69-912E81FEAA99}.Debug|Any CPU.ActiveCfg = Debug|Any CPU
		{9DADA8B2-6995-4BCF-AF69-912E81FEAA99}.Debug|Any CPU.Build.0 = Debug|Any CPU
		{9DADA8B2-6995-4BCF-AF69-912E81FEAA99}.Release|Any CPU.ActiveCfg = Release|Any CPU
		{9DADA8B2-6995-4BCF-AF69-912E81FEAA99}.Release|Any CPU.Build.0 = Release|Any CPU
		{67B5129F-0E4D-4429-96DD-9B2FF4AECD14}.Debug|Any CPU.ActiveCfg = Debug|Any CPU
		{67B5129F-0E4D-4429-96DD-9B2FF4AECD14}.Debug|Any CPU.Build.0 = Debug|Any CPU
		{67B5129F-0E4D-4429-96DD-9B2FF4AECD14}.Release|Any CPU.ActiveCfg = Release|Any CPU
		{67B5129F-0E4D-4429-96DD-9B2FF4AECD14}.Release|Any CPU.Build.0 = Release|Any CPU
		{735C29A5-8D49-45C7-9542-A5845FD71747}.Debug|Any CPU.ActiveCfg = Debug|Any CPU
		{735C29A5-8D49-45C7-9542-A5845FD71747}.Debug|Any CPU.Build.0 = Debug|Any CPU
		{735C29A5-8D49-45C7-9542-A5845FD71747}.Release|Any CPU.ActiveCfg = Release|Any CPU
		{735C29A5-8D49-45C7-9542-A5845FD71747}.Release|Any CPU.Build.0 = Release|Any CPU
		{E4D950C1-7525-4C82-AAD9-3CEA95C02C9A}.Debug|Any CPU.ActiveCfg = Debug|Any CPU
		{E4D950C1-7525-4C82-AAD9-3CEA95C02C9A}.Debug|Any CPU.Build.0 = Debug|Any CPU
		{E4D950C1-7525-4C82-AAD9-3CEA95C02C9A}.Release|Any CPU.ActiveCfg = Release|Any CPU
		{E4D950C1-7525-4C82-AAD9-3CEA95C02C9A}.Release|Any CPU.Build.0 = Release|Any CPU
		{EDD89C52-726F-4A15-9963-765807DA1101}.Debug|Any CPU.ActiveCfg = Debug|Any CPU
		{EDD89C52-726F-4A15-9963-765807DA1101}.Debug|Any CPU.Build.0 = Debug|Any CPU
		{EDD89C52-726F-4A15-9963-765807DA1101}.Release|Any CPU.ActiveCfg = Release|Any CPU
		{EDD89C52-726F-4A15-9963-765807DA1101}.Release|Any CPU.Build.0 = Release|Any CPU
		{4ED58D39-E80E-4C62-8EDF-FAAD4F975BDB}.Debug|Any CPU.ActiveCfg = Debug|Any CPU
		{4ED58D39-E80E-4C62-8EDF-FAAD4F975BDB}.Debug|Any CPU.Build.0 = Debug|Any CPU
		{4ED58D39-E80E-4C62-8EDF-FAAD4F975BDB}.Release|Any CPU.ActiveCfg = Release|Any CPU
		{4ED58D39-E80E-4C62-8EDF-FAAD4F975BDB}.Release|Any CPU.Build.0 = Release|Any CPU
		{AE89912A-3499-4777-AF64-A4C9D4A00511}.Debug|Any CPU.ActiveCfg = Debug|Any CPU
		{AE89912A-3499-4777-AF64-A4C9D4A00511}.Debug|Any CPU.Build.0 = Debug|Any CPU
		{AE89912A-3499-4777-AF64-A4C9D4A00511}.Release|Any CPU.ActiveCfg = Release|Any CPU
		{AE89912A-3499-4777-AF64-A4C9D4A00511}.Release|Any CPU.Build.0 = Release|Any CPU
		{C57510AA-CA14-45CD-BC68-E8DAFA82B943}.Debug|Any CPU.ActiveCfg = Debug|Any CPU
		{C57510AA-CA14-45CD-BC68-E8DAFA82B943}.Debug|Any CPU.Build.0 = Debug|Any CPU
		{C57510AA-CA14-45CD-BC68-E8DAFA82B943}.Release|Any CPU.ActiveCfg = Release|Any CPU
		{C57510AA-CA14-45CD-BC68-E8DAFA82B943}.Release|Any CPU.Build.0 = Release|Any CPU
	EndGlobalSection
	GlobalSection(NestedProjects) = preSolution
		{841517C2-5B2C-4D79-8308-4FCC6FF8CB36} = {083AE369-520B-4A83-A5F3-6A94E22FAAA3}
		{67B5129F-0E4D-4429-96DD-9B2FF4AECD14} = {083AE369-520B-4A83-A5F3-6A94E22FAAA3}
		{C631FC59-822E-47BE-95FA-B873AF121613} = {FBF2F0B0-857B-4B50-97FE-99A582022CAD}
		{FBF2F0B0-857B-4B50-97FE-99A582022CAD} = {E7FA29C6-FC0A-4459-ACFA-C9D846A7F582}
	EndGlobalSection
EndGlobal
