
Microsoft Visual Studio Solution File, Format Version 12.00
Project("{FAE04EC0-301F-11D3-BF4B-00C04F79EFBC}") = "WaterAbstractionLicenseExtractor.Cmd", "WaterAbstractionLicenseExtractor.Cmd\WaterAbstractionLicenseExtractor.Cmd.csproj", "{68EE4F77-B3CA-4BDD-BAAA-80E016FF269E}"
EndProject
Project("{FAE04EC0-301F-11D3-BF4B-00C04F79EFBC}") = "WALE.ProcessFile.Services.Tests", "WALE.ProcessFile.Services.Tests\WALE.ProcessFile.Services.Tests.csproj", "{C755F5CE-0BAD-4162-B522-48B122B6CF3F}"
EndProject
Project("{2150E333-8FDC-42A3-9474-1A3956D46DE8}") = "Solution Items", "Solution Items", "{E7FA29C6-FC0A-4459-ACFA-C9D846A7F582}"
	ProjectSection(SolutionItems) = preProject
		.gitignore = .gitignore
		README.md = README.md
		.dockerignore = .dockerignore
	EndProjectSection
EndProject
Project("{FAE04EC0-301F-11D3-BF4B-00C04F79EFBC}") = "WALE.ProcessFile.Services", "WALE.ProcessFile.Services\WALE.ProcessFile.Services.csproj", "{C6BE94F4-31F5-45D9-AE1C-E39288E11FC7}"
EndProject
Project("{FAE04EC0-301F-11D3-BF4B-00C04F79EFBC}") = "WALE.ProcessFile.AzureFunction.BlobTrigger", "WALE.ProcessFile.AzureFunction.BlobTrigger\WALE.ProcessFile.AzureFunction.BlobTrigger.csproj", "{6C9A32AF-7B00-4612-AF7E-54C9F72269C9}"
EndProject
Project("{FAE04EC0-301F-11D3-BF4B-00C04F79EFBC}") = "WALE.ProcessFile.AzureFunction.ServiceBusTrigger", "WALE.ProcessFile.AzureFunction.ServiceBusTrigger\WALE.ProcessFile.AzureFunction.ServiceBusTrigger.csproj", "{5F8A3D72-E41B-4C99-BB8C-52039865A2CA}"
EndProject
Project("{FAE04EC0-301F-11D3-BF4B-00C04F79EFBC}") = "WALE.Tools", "Tools\WALE.Tools\WALE.Tools.csproj", "{841517C2-5B2C-4D79-8308-4FCC6FF8CB36}"
EndProject
Project("{FAE04EC0-301F-11D3-BF4B-00C04F79EFBC}") = "WALE.ProcessFile.Core", "WALE.ProcessFile.Core\WALE.ProcessFile.Core.csproj", "{7DC0ACE6-AA96-4BB0-B5C0-BA15457B52AB}"
EndProject
Project("{FAE04EC0-301F-11D3-BF4B-00C04F79EFBC}") = "WALE.ProcessFile.Services.AwsTextract", "WALE.ProcessFile.Services.AwsTextract\WALE.ProcessFile.Services.AwsTextract.csproj", "{694B6A77-DB35-4393-902D-A3BDEBDC5541}"
EndProject
Project("{FAE04EC0-301F-11D3-BF4B-00C04F79EFBC}") = "WALE.ProcessFile.Database.PostgreSQL", "WALE.ProcessFile.Database.PostgreSQL\WALE.ProcessFile.Database.PostgreSQL.csproj", "{9DADA8B2-6995-4BCF-AF69-912E81FEAA99}"
EndProject
Project("{FAE04EC0-301F-11D3-BF4B-00C04F79EFBC}") = "WALE.Tools.Database.PostgreSQL.MigrationRunner", "Tools\WALE.Tools.Database.PostgreSQL.MigrationRunner\WALE.Tools.Database.PostgreSQL.MigrationRunner.csproj", "{67B5129F-0E4D-4429-96DD-9B2FF4AECD14}"
EndProject
Project("{FAE04EC0-301F-11D3-BF4B-00C04F79EFBC}") = "WALE.Api", "WALE.Api\WALE.Api.csproj", "{735C29A5-8D49-45C7-9542-A5845FD71747}"
EndProject
Project("{FAE04EC0-301F-11D3-BF4B-00C04F79EFBC}") = "WALE.ProcessFile.RuleEngine", "WALE.ProcessFile.RuleEngine\WALE.ProcessFile.RuleEngine.csproj", "{E4D950C1-7525-4C82-AAD9-3CEA95C02C9A}"
EndProject
Project("{FAE04EC0-301F-11D3-BF4B-00C04F79EFBC}") = "WALE.ProcessFile.Services.TesseractExe", "WALE.ProcessFile.Services.TesseractExe\WALE.ProcessFile.Services.TesseractExe.csproj", "{EDD89C52-726F-4A15-9963-765807DA1101}"
EndProject
Project("{2150E333-8FDC-42A3-9474-1A3956D46DE8}") = ".github", ".github", "{FBF2F0B0-857B-4B50-97FE-99A582022CAD}"
EndProject
Project("{2150E333-8FDC-42A3-9474-1A3956D46DE8}") = "workflows", "workflows", "{C631FC59-822E-47BE-95FA-B873AF121613}"
	ProjectSection(SolutionItems) = preProject
		.github\workflows\api-create-rollout-image-version.yaml = .github\workflows\api-create-rollout-image-version.yaml
		.github\workflows\portal-create-rollout-image-version.yaml = .github\workflows\portal-create-rollout-image-version.yaml
		.github\workflows\api-build-and-sonar-analyze-template.yaml = .github\workflows\api-build-and-sonar-analyze-template.yaml
		.github\workflows\api-push-image-template.yaml = .github\workflows\api-push-image-template.yaml
		.github\workflows\portal-push-image-template.yaml = .github\workflows\portal-push-image-template.yaml
		.github\workflows\migrationrunner-push-image-template.yaml = .github\workflows\migrationrunner-push-image-template.yaml
		.github\workflows\migrationrunner-create-rollout-image-version.yaml = .github\workflows\migrationrunner-create-rollout-image-version.yaml
		.github\workflows\migrationrunner-build-template.yaml = .github\workflows\migrationrunner-build-template.yaml
		.github\workflows\lambda-build-sonar-and-images.yaml = .github\workflows\lambda-build-sonar-and-images.yaml
		.github\workflows\lambda-build-sonar-template.yaml = .github\workflows\lambda-build-sonar-template.yaml
        .github\workflows\lambda-create-image-template.yaml = .github\workflows\lambda-create-image-template.yaml
        .github\workflows\lambda-push-image-template.yaml = .github\workflows\lambda-push-image-template.yaml
	EndProjectSection
EndProject
Project("{FAE04EC0-301F-11D3-BF4B-00C04F79EFBC}") = "WALE.ProcessFile.Services.Tesseract", "WALE.ProcessFile.Services.Tesseract\WALE.ProcessFile.Services.Tesseract.csproj", "{4ED58D39-E80E-4C62-8EDF-FAAD4F975BDB}"
EndProject
Project("{FAE04EC0-301F-11D3-BF4B-00C04F79EFBC}") = "WALE.ProcessFile.Services.Output", "WALE.ProcessFile.Services.Output\WALE.ProcessFile.Services.Output.csproj", "{AE89912A-3499-4777-AF64-A4C9D4A00511}"
EndProject
Project("{FAE04EC0-301F-11D3-BF4B-00C04F79EFBC}") = "WALE.ProcessFile.Services.Cache", "WALE.ProcessFile.Services.Cache\WALE.ProcessFile.Services.Cache.csproj", "{C57510AA-CA14-45CD-BC68-E8DAFA82B943}"
EndProject
Project("{FAE04EC0-301F-11D3-BF4B-00C04F79EFBC}") = "WALE.ProcessFile.RuleEngine.Tests", "WALE.ProcessFile.RuleEngine.Tests\WALE.ProcessFile.RuleEngine.Tests.csproj", "{1C2F5C28-2726-4D0B-BF72-A07E9719D8F2}"
EndProject
Project("{FAE04EC0-301F-11D3-BF4B-00C04F79EFBC}") = "WALE.ProcessFile.Services.AzureAiServicesDocumentIntelligence", "WALE.ProcessFile.Services.AzureAiServicesDocumentIntelligence\WALE.ProcessFile.Services.AzureAiServicesDocumentIntelligence.csproj", "{7EBBF79A-4A3A-4457-95AC-DED2C7BE0F53}"
EndProject
Project("{FAE04EC0-301F-11D3-BF4B-00C04F79EFBC}") = "WALE.ProcessFile.Services.AzureComputerVision", "WALE.ProcessFile.Services.AzureComputerVision\WALE.ProcessFile.Services.AzureComputerVision.csproj", "{982B3BD4-8B8B-4E7F-8F77-BBD83E369643}"
EndProject
Project("{FAE04EC0-301F-11D3-BF4B-00C04F79EFBC}") = "WALE.ProcessFile.Services.AzureOpenAi", "WALE.ProcessFile.Services.AzureOpenAi\WALE.ProcessFile.Services.AzureOpenAi.csproj", "{8EB4AE9E-8677-4E12-8B5C-2721C99ACE05}"
EndProject
Project("{FAE04EC0-301F-11D3-BF4B-00C04F79EFBC}") = "WALE.ProcessFile.Services.PdfPig", "WALE.ProcessFile.Services.PdfPig\WALE.ProcessFile.Services.PdfPig.csproj", "{E7A3578C-DE44-479C-AD42-17897F345136}"
EndProject
Project("{FAE04EC0-301F-11D3-BF4B-00C04F79EFBC}") = "WALE.ProcessFile.Services.Docnet", "WALE.ProcessFile.Services.Docnet\WALE.ProcessFile.Services.Docnet.csproj", "{474E0819-84B4-416F-8631-501A7000CF0A}"
EndProject
Project("{2150E333-8FDC-42A3-9474-1A3956D46DE8}") = "Tests", "Tests", "{1B0DA35B-97E4-40C2-A8B8-0D8CB932DF5E}"
EndProject
Project("{2150E333-8FDC-42A3-9474-1A3956D46DE8}") = "Services", "Services", "{F3435563-37A5-4423-ABFF-D48AA9423AC9}"
EndProject
Project("{2150E333-8FDC-42A3-9474-1A3956D46DE8}") = "Ocr", "Ocr", "{3E4A54DF-B3E7-4E63-B989-F292E5BFBB8A}"
EndProject
Project("{2150E333-8FDC-42A3-9474-1A3956D46DE8}") = "TextExtraction", "TextExtraction", "{6E79C08E-B1C8-4D98-A4B6-81BE88B53856}"
EndProject
Project("{FAE04EC0-301F-11D3-BF4B-00C04F79EFBC}") = "WALE.ProcessFile.Services.AwsS3", "WALE.ProcessFile.Services.AwsS3\WALE.ProcessFile.Services.AwsS3.csproj", "{DB8EC9D8-F940-40B2-A119-360A3EA7AD57}"
EndProject
Project("{2150E333-8FDC-42A3-9474-1A3956D46DE8}") = "Database", "Database", "{44D373C2-0BC9-4123-B4E8-018BC3D493EC}"
EndProject
Project("{FAE04EC0-301F-11D3-BF4B-00C04F79EFBC}") = "WALE.OrchestrateFileProcess.Services", "WALE.OrchestrateFileProcess.Services\WALE.OrchestrateFileProcess.Services.csproj", "{458E22A1-3BFA-4D50-8319-177CF1170F8B}"
EndProject
Project("{FAE04EC0-301F-11D3-BF4B-00C04F79EFBC}") = "WRADI.QueueFileProcess.Cmd", "WRADI.QueueFileProcess.Cmd\WRADI.QueueFileProcess.Cmd.csproj", "{1436FC5D-D236-4395-8074-0450DDCC9094}"
EndProject
Project("{FAE04EC0-301F-11D3-BF4B-00C04F79EFBC}") = "WRADI.Lambda.EntryPointOrchestrator", "WRADI.Lambda.EntryPointOrchestrator\WRADI.Lambda.EntryPointOrchestrator.csproj", "{B0A9193B-3B66-4381-BA9A-A1FF3AF8FABE}"
EndProject
Project("{FAE04EC0-301F-11D3-BF4B-00C04F79EFBC}") = "WRADI.ProcessFile.DependInjection", "WRADI.ProcessFile.DependInjection\WRADI.ProcessFile.DependInjection.csproj", "{0133FF46-525A-4B18-827A-990726AEAA01}"
EndProject
Project("{FAE04EC0-301F-11D3-BF4B-00C04F79EFBC}") = "WRADI.Lambda.Orchestrator.FileProcess", "WRADI.Lambda.Orchestrator.FileProcess\WRADI.Lambda.Orchestrator.FileProcess.csproj", "{5F2C235B-2F7B-4A77-BD59-2F345CC98384}"
EndProject
Global
	GlobalSection(SolutionConfigurationPlatforms) = preSolution
		Debug|Any CPU = Debug|Any CPU
		Release|Any CPU = Release|Any CPU
	EndGlobalSection
	GlobalSection(ProjectConfigurationPlatforms) = postSolution
		{68EE4F77-B3CA-4BDD-BAAA-80E016FF269E}.Debug|Any CPU.ActiveCfg = Debug|Any CPU
		{68EE4F77-B3CA-4BDD-BAAA-80E016FF269E}.Debug|Any CPU.Build.0 = Debug|Any CPU
		{68EE4F77-B3CA-4BDD-BAAA-80E016FF269E}.Release|Any CPU.ActiveCfg = Release|Any CPU
		{68EE4F77-B3CA-4BDD-BAAA-80E016FF269E}.Release|Any CPU.Build.0 = Release|Any CPU
		{C755F5CE-0BAD-4162-B522-48B122B6CF3F}.Debug|Any CPU.ActiveCfg = Debug|Any CPU
		{C755F5CE-0BAD-4162-B522-48B122B6CF3F}.Debug|Any CPU.Build.0 = Debug|Any CPU
		{C755F5CE-0BAD-4162-B522-48B122B6CF3F}.Release|Any CPU.ActiveCfg = Release|Any CPU
		{C755F5CE-0BAD-4162-B522-48B122B6CF3F}.Release|Any CPU.Build.0 = Release|Any CPU
		{C6BE94F4-31F5-45D9-AE1C-E39288E11FC7}.Debug|Any CPU.ActiveCfg = Debug|Any CPU
		{C6BE94F4-31F5-45D9-AE1C-E39288E11FC7}.Debug|Any CPU.Build.0 = Debug|Any CPU
		{C6BE94F4-31F5-45D9-AE1C-E39288E11FC7}.Release|Any CPU.ActiveCfg = Release|Any CPU
		{C6BE94F4-31F5-45D9-AE1C-E39288E11FC7}.Release|Any CPU.Build.0 = Release|Any CPU
		{6C9A32AF-7B00-4612-AF7E-54C9F72269C9}.Debug|Any CPU.ActiveCfg = Debug|Any CPU
		{6C9A32AF-7B00-4612-AF7E-54C9F72269C9}.Debug|Any CPU.Build.0 = Debug|Any CPU
		{6C9A32AF-7B00-4612-AF7E-54C9F72269C9}.Release|Any CPU.ActiveCfg = Release|Any CPU
		{6C9A32AF-7B00-4612-AF7E-54C9F72269C9}.Release|Any CPU.Build.0 = Release|Any CPU
		{5F8A3D72-E41B-4C99-BB8C-52039865A2CA}.Debug|Any CPU.ActiveCfg = Debug|Any CPU
		{5F8A3D72-E41B-4C99-BB8C-52039865A2CA}.Debug|Any CPU.Build.0 = Debug|Any CPU
		{5F8A3D72-E41B-4C99-BB8C-52039865A2CA}.Release|Any CPU.ActiveCfg = Release|Any CPU
		{5F8A3D72-E41B-4C99-BB8C-52039865A2CA}.Release|Any CPU.Build.0 = Release|Any CPU
		{841517C2-5B2C-4D79-8308-4FCC6FF8CB36}.Debug|Any CPU.ActiveCfg = Debug|Any CPU
		{841517C2-5B2C-4D79-8308-4FCC6FF8CB36}.Debug|Any CPU.Build.0 = Debug|Any CPU
		{841517C2-5B2C-4D79-8308-4FCC6FF8CB36}.Release|Any CPU.ActiveCfg = Release|Any CPU
		{841517C2-5B2C-4D79-8308-4FCC6FF8CB36}.Release|Any CPU.Build.0 = Release|Any CPU
		{7DC0ACE6-AA96-4BB0-B5C0-BA15457B52AB}.Debug|Any CPU.ActiveCfg = Debug|Any CPU
		{7DC0ACE6-AA96-4BB0-B5C0-BA15457B52AB}.Debug|Any CPU.Build.0 = Debug|Any CPU
		{7DC0ACE6-AA96-4BB0-B5C0-BA15457B52AB}.Release|Any CPU.ActiveCfg = Release|Any CPU
		{7DC0ACE6-AA96-4BB0-B5C0-BA15457B52AB}.Release|Any CPU.Build.0 = Release|Any CPU
		{694B6A77-DB35-4393-902D-A3BDEBDC5541}.Debug|Any CPU.ActiveCfg = Debug|Any CPU
		{694B6A77-DB35-4393-902D-A3BDEBDC5541}.Debug|Any CPU.Build.0 = Debug|Any CPU
		{694B6A77-DB35-4393-902D-A3BDEBDC5541}.Release|Any CPU.ActiveCfg = Release|Any CPU
		{694B6A77-DB35-4393-902D-A3BDEBDC5541}.Release|Any CPU.Build.0 = Release|Any CPU
		{9DADA8B2-6995-4BCF-AF69-912E81FEAA99}.Debug|Any CPU.ActiveCfg = Debug|Any CPU
		{9DADA8B2-6995-4BCF-AF69-912E81FEAA99}.Debug|Any CPU.Build.0 = Debug|Any CPU
		{9DADA8B2-6995-4BCF-AF69-912E81FEAA99}.Release|Any CPU.ActiveCfg = Release|Any CPU
		{9DADA8B2-6995-4BCF-AF69-912E81FEAA99}.Release|Any CPU.Build.0 = Release|Any CPU
		{67B5129F-0E4D-4429-96DD-9B2FF4AECD14}.Debug|Any CPU.ActiveCfg = Debug|Any CPU
		{67B5129F-0E4D-4429-96DD-9B2FF4AECD14}.Debug|Any CPU.Build.0 = Debug|Any CPU
		{67B5129F-0E4D-4429-96DD-9B2FF4AECD14}.Release|Any CPU.ActiveCfg = Release|Any CPU
		{67B5129F-0E4D-4429-96DD-9B2FF4AECD14}.Release|Any CPU.Build.0 = Release|Any CPU
		{735C29A5-8D49-45C7-9542-A5845FD71747}.Debug|Any CPU.ActiveCfg = Debug|Any CPU
		{735C29A5-8D49-45C7-9542-A5845FD71747}.Debug|Any CPU.Build.0 = Debug|Any CPU
		{735C29A5-8D49-45C7-9542-A5845FD71747}.Release|Any CPU.ActiveCfg = Release|Any CPU
		{735C29A5-8D49-45C7-9542-A5845FD71747}.Release|Any CPU.Build.0 = Release|Any CPU
		{E4D950C1-7525-4C82-AAD9-3CEA95C02C9A}.Debug|Any CPU.ActiveCfg = Debug|Any CPU
		{E4D950C1-7525-4C82-AAD9-3CEA95C02C9A}.Debug|Any CPU.Build.0 = Debug|Any CPU
		{E4D950C1-7525-4C82-AAD9-3CEA95C02C9A}.Release|Any CPU.ActiveCfg = Release|Any CPU
		{E4D950C1-7525-4C82-AAD9-3CEA95C02C9A}.Release|Any CPU.Build.0 = Release|Any CPU
		{EDD89C52-726F-4A15-9963-765807DA1101}.Debug|Any CPU.ActiveCfg = Debug|Any CPU
		{EDD89C52-726F-4A15-9963-765807DA1101}.Debug|Any CPU.Build.0 = Debug|Any CPU
		{EDD89C52-726F-4A15-9963-765807DA1101}.Release|Any CPU.ActiveCfg = Release|Any CPU
		{EDD89C52-726F-4A15-9963-765807DA1101}.Release|Any CPU.Build.0 = Release|Any CPU
		{4ED58D39-E80E-4C62-8EDF-FAAD4F975BDB}.Debug|Any CPU.ActiveCfg = Debug|Any CPU
		{4ED58D39-E80E-4C62-8EDF-FAAD4F975BDB}.Debug|Any CPU.Build.0 = Debug|Any CPU
		{4ED58D39-E80E-4C62-8EDF-FAAD4F975BDB}.Release|Any CPU.ActiveCfg = Release|Any CPU
		{4ED58D39-E80E-4C62-8EDF-FAAD4F975BDB}.Release|Any CPU.Build.0 = Release|Any CPU
		{AE89912A-3499-4777-AF64-A4C9D4A00511}.Debug|Any CPU.ActiveCfg = Debug|Any CPU
		{AE89912A-3499-4777-AF64-A4C9D4A00511}.Debug|Any CPU.Build.0 = Debug|Any CPU
		{AE89912A-3499-4777-AF64-A4C9D4A00511}.Release|Any CPU.ActiveCfg = Release|Any CPU
		{AE89912A-3499-4777-AF64-A4C9D4A00511}.Release|Any CPU.Build.0 = Release|Any CPU
		{C57510AA-CA14-45CD-BC68-E8DAFA82B943}.Debug|Any CPU.ActiveCfg = Debug|Any CPU
		{C57510AA-CA14-45CD-BC68-E8DAFA82B943}.Debug|Any CPU.Build.0 = Debug|Any CPU
		{C57510AA-CA14-45CD-BC68-E8DAFA82B943}.Release|Any CPU.ActiveCfg = Release|Any CPU
		{C57510AA-CA14-45CD-BC68-E8DAFA82B943}.Release|Any CPU.Build.0 = Release|Any CPU
		{1C2F5C28-2726-4D0B-BF72-A07E9719D8F2}.Debug|Any CPU.ActiveCfg = Debug|Any CPU
		{1C2F5C28-2726-4D0B-BF72-A07E9719D8F2}.Debug|Any CPU.Build.0 = Debug|Any CPU
		{1C2F5C28-2726-4D0B-BF72-A07E9719D8F2}.Release|Any CPU.ActiveCfg = Release|Any CPU
		{1C2F5C28-2726-4D0B-BF72-A07E9719D8F2}.Release|Any CPU.Build.0 = Release|Any CPU
		{7EBBF79A-4A3A-4457-95AC-DED2C7BE0F53}.Debug|Any CPU.ActiveCfg = Debug|Any CPU
		{7EBBF79A-4A3A-4457-95AC-DED2C7BE0F53}.Debug|Any CPU.Build.0 = Debug|Any CPU
		{7EBBF79A-4A3A-4457-95AC-DED2C7BE0F53}.Release|Any CPU.ActiveCfg = Release|Any CPU
		{7EBBF79A-4A3A-4457-95AC-DED2C7BE0F53}.Release|Any CPU.Build.0 = Release|Any CPU
		{982B3BD4-8B8B-4E7F-8F77-BBD83E369643}.Debug|Any CPU.ActiveCfg = Debug|Any CPU
		{982B3BD4-8B8B-4E7F-8F77-BBD83E369643}.Debug|Any CPU.Build.0 = Debug|Any CPU
		{982B3BD4-8B8B-4E7F-8F77-BBD83E369643}.Release|Any CPU.ActiveCfg = Release|Any CPU
		{982B3BD4-8B8B-4E7F-8F77-BBD83E369643}.Release|Any CPU.Build.0 = Release|Any CPU
		{8EB4AE9E-8677-4E12-8B5C-2721C99ACE05}.Debug|Any CPU.ActiveCfg = Debug|Any CPU
		{8EB4AE9E-8677-4E12-8B5C-2721C99ACE05}.Debug|Any CPU.Build.0 = Debug|Any CPU
		{8EB4AE9E-8677-4E12-8B5C-2721C99ACE05}.Release|Any CPU.ActiveCfg = Release|Any CPU
		{8EB4AE9E-8677-4E12-8B5C-2721C99ACE05}.Release|Any CPU.Build.0 = Release|Any CPU
		{E7A3578C-DE44-479C-AD42-17897F345136}.Debug|Any CPU.ActiveCfg = Debug|Any CPU
		{E7A3578C-DE44-479C-AD42-17897F345136}.Debug|Any CPU.Build.0 = Debug|Any CPU
		{E7A3578C-DE44-479C-AD42-17897F345136}.Release|Any CPU.ActiveCfg = Release|Any CPU
		{E7A3578C-DE44-479C-AD42-17897F345136}.Release|Any CPU.Build.0 = Release|Any CPU
		{474E0819-84B4-416F-8631-501A7000CF0A}.Debug|Any CPU.ActiveCfg = Debug|Any CPU
		{474E0819-84B4-416F-8631-501A7000CF0A}.Debug|Any CPU.Build.0 = Debug|Any CPU
		{474E0819-84B4-416F-8631-501A7000CF0A}.Release|Any CPU.ActiveCfg = Release|Any CPU
		{474E0819-84B4-416F-8631-501A7000CF0A}.Release|Any CPU.Build.0 = Release|Any CPU
		{DB8EC9D8-F940-40B2-A119-360A3EA7AD57}.Debug|Any CPU.ActiveCfg = Debug|Any CPU
		{DB8EC9D8-F940-40B2-A119-360A3EA7AD57}.Debug|Any CPU.Build.0 = Debug|Any CPU
		{DB8EC9D8-F940-40B2-A119-360A3EA7AD57}.Release|Any CPU.ActiveCfg = Release|Any CPU
		{DB8EC9D8-F940-40B2-A119-360A3EA7AD57}.Release|Any CPU.Build.0 = Release|Any CPU
		{458E22A1-3BFA-4D50-8319-177CF1170F8B}.Debug|Any CPU.ActiveCfg = Debug|Any CPU
		{458E22A1-3BFA-4D50-8319-177CF1170F8B}.Debug|Any CPU.Build.0 = Debug|Any CPU
		{458E22A1-3BFA-4D50-8319-177CF1170F8B}.Release|Any CPU.ActiveCfg = Release|Any CPU
		{458E22A1-3BFA-4D50-8319-177CF1170F8B}.Release|Any CPU.Build.0 = Release|Any CPU
		{1436FC5D-D236-4395-8074-0450DDCC9094}.Debug|Any CPU.ActiveCfg = Debug|Any CPU
		{1436FC5D-D236-4395-8074-0450DDCC9094}.Debug|Any CPU.Build.0 = Debug|Any CPU
		{1436FC5D-D236-4395-8074-0450DDCC9094}.Release|Any CPU.ActiveCfg = Release|Any CPU
		{1436FC5D-D236-4395-8074-0450DDCC9094}.Release|Any CPU.Build.0 = Release|Any CPU
		{B0A9193B-3B66-4381-BA9A-A1FF3AF8FABE}.Debug|Any CPU.ActiveCfg = Debug|Any CPU
		{B0A9193B-3B66-4381-BA9A-A1FF3AF8FABE}.Debug|Any CPU.Build.0 = Debug|Any CPU
		{B0A9193B-3B66-4381-BA9A-A1FF3AF8FABE}.Release|Any CPU.ActiveCfg = Release|Any CPU
		{B0A9193B-3B66-4381-BA9A-A1FF3AF8FABE}.Release|Any CPU.Build.0 = Release|Any CPU
		{0133FF46-525A-4B18-827A-990726AEAA01}.Debug|Any CPU.ActiveCfg = Debug|Any CPU
		{0133FF46-525A-4B18-827A-990726AEAA01}.Debug|Any CPU.Build.0 = Debug|Any CPU
		{0133FF46-525A-4B18-827A-990726AEAA01}.Release|Any CPU.ActiveCfg = Release|Any CPU
		{0133FF46-525A-4B18-827A-990726AEAA01}.Release|Any CPU.Build.0 = Release|Any CPU
		{5F2C235B-2F7B-4A77-BD59-2F345CC98384}.Debug|Any CPU.ActiveCfg = Debug|Any CPU
		{5F2C235B-2F7B-4A77-BD59-2F345CC98384}.Debug|Any CPU.Build.0 = Debug|Any CPU
		{5F2C235B-2F7B-4A77-BD59-2F345CC98384}.Release|Any CPU.ActiveCfg = Release|Any CPU
		{5F2C235B-2F7B-4A77-BD59-2F345CC98384}.Release|Any CPU.Build.0 = Release|Any CPU
	EndGlobalSection
	GlobalSection(NestedProjects) = preSolution
		{C631FC59-822E-47BE-95FA-B873AF121613} = {FBF2F0B0-857B-4B50-97FE-99A582022CAD}
		{FBF2F0B0-857B-4B50-97FE-99A582022CAD} = {E7FA29C6-FC0A-4459-ACFA-C9D846A7F582}
		{1C2F5C28-2726-4D0B-BF72-A07E9719D8F2} = {1B0DA35B-97E4-40C2-A8B8-0D8CB932DF5E}
		{C755F5CE-0BAD-4162-B522-48B122B6CF3F} = {1B0DA35B-97E4-40C2-A8B8-0D8CB932DF5E}
		{C6BE94F4-31F5-45D9-AE1C-E39288E11FC7} = {F3435563-37A5-4423-ABFF-D48AA9423AC9}
		{C57510AA-CA14-45CD-BC68-E8DAFA82B943} = {F3435563-37A5-4423-ABFF-D48AA9423AC9}
		{AE89912A-3499-4777-AF64-A4C9D4A00511} = {F3435563-37A5-4423-ABFF-D48AA9423AC9}
		{7DC0ACE6-AA96-4BB0-B5C0-BA15457B52AB} = {F3435563-37A5-4423-ABFF-D48AA9423AC9}
		{3E4A54DF-B3E7-4E63-B989-F292E5BFBB8A} = {F3435563-37A5-4423-ABFF-D48AA9423AC9}
		{694B6A77-DB35-4393-902D-A3BDEBDC5541} = {3E4A54DF-B3E7-4E63-B989-F292E5BFBB8A}
		{7EBBF79A-4A3A-4457-95AC-DED2C7BE0F53} = {3E4A54DF-B3E7-4E63-B989-F292E5BFBB8A}
		{982B3BD4-8B8B-4E7F-8F77-BBD83E369643} = {3E4A54DF-B3E7-4E63-B989-F292E5BFBB8A}
		{8EB4AE9E-8677-4E12-8B5C-2721C99ACE05} = {3E4A54DF-B3E7-4E63-B989-F292E5BFBB8A}
		{4ED58D39-E80E-4C62-8EDF-FAAD4F975BDB} = {3E4A54DF-B3E7-4E63-B989-F292E5BFBB8A}
		{EDD89C52-726F-4A15-9963-765807DA1101} = {3E4A54DF-B3E7-4E63-B989-F292E5BFBB8A}
		{6E79C08E-B1C8-4D98-A4B6-81BE88B53856} = {F3435563-37A5-4423-ABFF-D48AA9423AC9}
		{E7A3578C-DE44-479C-AD42-17897F345136} = {6E79C08E-B1C8-4D98-A4B6-81BE88B53856}
		{474E0819-84B4-416F-8631-501A7000CF0A} = {6E79C08E-B1C8-4D98-A4B6-81BE88B53856}
		{DB8EC9D8-F940-40B2-A119-360A3EA7AD57} = {F3435563-37A5-4423-ABFF-D48AA9423AC9}
		{9DADA8B2-6995-4BCF-AF69-912E81FEAA99} = {44D373C2-0BC9-4123-B4E8-018BC3D493EC}
		{E4D950C1-7525-4C82-AAD9-3CEA95C02C9A} = {F3435563-37A5-4423-ABFF-D48AA9423AC9}
		{67B5129F-0E4D-4429-96DD-9B2FF4AECD14} = {44D373C2-0BC9-4123-B4E8-018BC3D493EC}
		{458E22A1-3BFA-4D50-8319-177CF1170F8B} = {F3435563-37A5-4423-ABFF-D48AA9423AC9}
	EndGlobalSection
EndGlobal
